
Microsoft Visual Studio Solution File, Format Version 12.00
# Visual Studio 15
VisualStudioVersion = 15.0.27130.2024
MinimumVisualStudioVersion = 10.0.40219.1
Project("{FAE04EC0-301F-11D3-BF4B-00C04F79EFBC}") = "MassTransit.Publisher", "MassTransit.Publisher\MassTransit.Publisher.csproj", "{9C827418-F867-41B4-B6BE-9FB33B4A1CE9}"
EndProject
Project("{FAE04EC0-301F-11D3-BF4B-00C04F79EFBC}") = "MassTransit.Consumer", "..\MassTransit.Consumer\MassTransit.Consumer.csproj", "{EA79682E-8684-408D-A206-5EFB35DF38C4}"
EndProject
Project("{FAE04EC0-301F-11D3-BF4B-00C04F79EFBC}") = "MassTransit.Messages", "MassTransit.Messages\MassTransit.Messages.csproj", "{97E1A1F4-5F82-4780-86EE-BF4E430608D2}"
EndProject
Global
	GlobalSection(SolutionConfigurationPlatforms) = preSolution
		Debug|Any CPU = Debug|Any CPU
		Release|Any CPU = Release|Any CPU
	EndGlobalSection
	GlobalSection(ProjectConfigurationPlatforms) = postSolution
		{9C827418-F867-41B4-B6BE-9FB33B4A1CE9}.Debug|Any CPU.ActiveCfg = Debug|Any CPU
		{9C827418-F867-41B4-B6BE-9FB33B4A1CE9}.Debug|Any CPU.Build.0 = Debug|Any CPU
		{9C827418-F867-41B4-B6BE-9FB33B4A1CE9}.Release|Any CPU.ActiveCfg = Release|Any CPU
		{9C827418-F867-41B4-B6BE-9FB33B4A1CE9}.Release|Any CPU.Build.0 = Release|Any CPU
		{EA79682E-8684-408D-A206-5EFB35DF38C4}.Debug|Any CPU.ActiveCfg = Debug|Any CPU
		{EA79682E-8684-408D-A206-5EFB35DF38C4}.Debug|Any CPU.Build.0 = Debug|Any CPU
		{EA79682E-8684-408D-A206-5EFB35DF38C4}.Release|Any CPU.ActiveCfg = Release|Any CPU
		{EA79682E-8684-408D-A206-5EFB35DF38C4}.Release|Any CPU.Build.0 = Release|Any CPU
		{97E1A1F4-5F82-4780-86EE-BF4E430608D2}.Debug|Any CPU.ActiveCfg = Debug|Any CPU
		{97E1A1F4-5F82-4780-86EE-BF4E430608D2}.Debug|Any CPU.Build.0 = Debug|Any CPU
		{97E1A1F4-5F82-4780-86EE-BF4E430608D2}.Release|Any CPU.ActiveCfg = Release|Any CPU
		{97E1A1F4-5F82-4780-86EE-BF4E430608D2}.Release|Any CPU.Build.0 = Release|Any CPU
	EndGlobalSection
	GlobalSection(SolutionProperties) = preSolution
		HideSolutionNode = FALSE
	EndGlobalSection
	GlobalSection(ExtensibilityGlobals) = postSolution
		SolutionGuid = {D7394B3A-6388-4579-B2BE-65D2D4B13FF4}
	EndGlobalSection
EndGlobal
