
Microsoft Visual Studio Solution File, Format Version 12.00
# Visual Studio 15
VisualStudioVersion = 15.0.27428.2005
MinimumVisualStudioVersion = 10.0.40219.1
Project("{9A19103F-16F7-4668-BE54-9A1E7A4F7556}") = "ShowWorkItemConsole", "ShowWorkItemConsole.csproj", "{4D34F235-B69D-4479-954B-267A28C3DCA4}"
EndProject
Global
	GlobalSection(SolutionConfigurationPlatforms) = preSolution
		Debug|Any CPU = Debug|Any CPU
		Release|Any CPU = Release|Any CPU
	EndGlobalSection
	GlobalSection(ProjectConfigurationPlatforms) = postSolution
		{4D34F235-B69D-4479-954B-267A28C3DCA4}.Debug|Any CPU.ActiveCfg = Debug|Any CPU
		{4D34F235-B69D-4479-954B-267A28C3DCA4}.Debug|Any CPU.Build.0 = Debug|Any CPU
		{4D34F235-B69D-4479-954B-267A28C3DCA4}.Release|Any CPU.ActiveCfg = Release|Any CPU
		{4D34F235-B69D-4479-954B-267A28C3DCA4}.Release|Any CPU.Build.0 = Release|Any CPU
	EndGlobalSection
	GlobalSection(SolutionProperties) = preSolution
		HideSolutionNode = FALSE
	EndGlobalSection
	GlobalSection(ExtensibilityGlobals) = postSolution
		SolutionGuid = {090B24D6-D196-4287-8470-5D706489D5B1}
	EndGlobalSection
EndGlobal
